
Microsoft Visual Studio Solution File, Format Version 12.00
# Visual Studio Version 17
VisualStudioVersion = 17.4.33213.308
MinimumVisualStudioVersion = 10.0.40219.1
Project("{9A19103F-16F7-4668-BE54-9A1E7A4F7556}") = "DriversServiceApi", "DriversServiceApi\DriversServiceApi.csproj", "{55181AA9-C3FD-4F3F-A28D-9FDFF1D408DF}"
EndProject
Project("{FAE04EC0-301F-11D3-BF4B-00C04F79EFBC}") = "DriversService.Domain", "DriversService.Domain\DriversService.Domain.csproj", "{ED6917BC-81DE-44D8-BBF4-0BD7EB283225}"
EndProject
Project("{FAE04EC0-301F-11D3-BF4B-00C04F79EFBC}") = "DriversService.Ports.DataBase", "DriversService.Ports.DataBase\DriversService.Ports.DataBase.csproj", "{6D6B6A1C-1A4C-49FF-808B-A8A00C7C99A5}"
EndProject
Project("{FAE04EC0-301F-11D3-BF4B-00C04F79EFBC}") = "DriversService.Adapters.DataBase", "DriversService.Adapters.DataBase\DriversService.Adapters.DataBase.csproj", "{50EEFFFA-FC9B-499D-B04F-B4A672D7AA3E}"
EndProject
Project("{FAE04EC0-301F-11D3-BF4B-00C04F79EFBC}") = "DriversService.Adapters.Consumers", "DriversService.Adapters.Consumers\DriversService.Adapters.Consumers.csproj", "{3D0E7D79-5813-479E-A293-8E2E514AAB54}"
EndProject
Global
	GlobalSection(SolutionConfigurationPlatforms) = preSolution
		Debug|Any CPU = Debug|Any CPU
		Release|Any CPU = Release|Any CPU
	EndGlobalSection
	GlobalSection(ProjectConfigurationPlatforms) = postSolution
		{55181AA9-C3FD-4F3F-A28D-9FDFF1D408DF}.Debug|Any CPU.ActiveCfg = Debug|Any CPU
		{55181AA9-C3FD-4F3F-A28D-9FDFF1D408DF}.Debug|Any CPU.Build.0 = Debug|Any CPU
		{55181AA9-C3FD-4F3F-A28D-9FDFF1D408DF}.Release|Any CPU.ActiveCfg = Release|Any CPU
		{55181AA9-C3FD-4F3F-A28D-9FDFF1D408DF}.Release|Any CPU.Build.0 = Release|Any CPU
		{ED6917BC-81DE-44D8-BBF4-0BD7EB283225}.Debug|Any CPU.ActiveCfg = Debug|Any CPU
		{ED6917BC-81DE-44D8-BBF4-0BD7EB283225}.Debug|Any CPU.Build.0 = Debug|Any CPU
		{ED6917BC-81DE-44D8-BBF4-0BD7EB283225}.Release|Any CPU.ActiveCfg = Release|Any CPU
		{ED6917BC-81DE-44D8-BBF4-0BD7EB283225}.Release|Any CPU.Build.0 = Release|Any CPU
		{6D6B6A1C-1A4C-49FF-808B-A8A00C7C99A5}.Debug|Any CPU.ActiveCfg = Debug|Any CPU
		{6D6B6A1C-1A4C-49FF-808B-A8A00C7C99A5}.Debug|Any CPU.Build.0 = Debug|Any CPU
		{6D6B6A1C-1A4C-49FF-808B-A8A00C7C99A5}.Release|Any CPU.ActiveCfg = Release|Any CPU
		{6D6B6A1C-1A4C-49FF-808B-A8A00C7C99A5}.Release|Any CPU.Build.0 = Release|Any CPU
		{50EEFFFA-FC9B-499D-B04F-B4A672D7AA3E}.Debug|Any CPU.ActiveCfg = Debug|Any CPU
		{50EEFFFA-FC9B-499D-B04F-B4A672D7AA3E}.Debug|Any CPU.Build.0 = Debug|Any CPU
		{50EEFFFA-FC9B-499D-B04F-B4A672D7AA3E}.Release|Any CPU.ActiveCfg = Release|Any CPU
		{50EEFFFA-FC9B-499D-B04F-B4A672D7AA3E}.Release|Any CPU.Build.0 = Release|Any CPU
		{3D0E7D79-5813-479E-A293-8E2E514AAB54}.Debug|Any CPU.ActiveCfg = Debug|Any CPU
		{3D0E7D79-5813-479E-A293-8E2E514AAB54}.Debug|Any CPU.Build.0 = Debug|Any CPU
		{3D0E7D79-5813-479E-A293-8E2E514AAB54}.Release|Any CPU.ActiveCfg = Release|Any CPU
		{3D0E7D79-5813-479E-A293-8E2E514AAB54}.Release|Any CPU.Build.0 = Release|Any CPU
	EndGlobalSection
	GlobalSection(SolutionProperties) = preSolution
		HideSolutionNode = FALSE
	EndGlobalSection
	GlobalSection(ExtensibilityGlobals) = postSolution
		SolutionGuid = {33FD48BC-B17B-48AD-A70B-A6C6AEF5F215}
	EndGlobalSection
EndGlobal
