
Microsoft Visual Studio Solution File, Format Version 12.00
# Visual Studio Version 17
VisualStudioVersion = 17.3.32929.385
MinimumVisualStudioVersion = 10.0.40219.1
Project("{9A19103F-16F7-4668-BE54-9A1E7A4F7556}") = "UsersService.Domain", "UsersService.Domain\UsersService.Domain.csproj", "{A60CA7D9-7F88-4F16-A10D-786117A9271E}"
EndProject
Project("{9A19103F-16F7-4668-BE54-9A1E7A4F7556}") = "UsersService.Application.DataBase", "UsersService.Application.DataBase\UsersService.Application.DataBase.csproj", "{06E1B357-E93F-4240-A0CD-A090F9D1CB6B}"
EndProject
Project("{9A19103F-16F7-4668-BE54-9A1E7A4F7556}") = "UsersService.Infrastructure.DataBase", "UsersService.Infrastructure.DataBase\UsersService.Infrastructure.DataBase.csproj", "{9EFECE58-6E93-4D9E-A122-B753E334660B}"
EndProject
Project("{9A19103F-16F7-4668-BE54-9A1E7A4F7556}") = "UsersServiceApi", "UsersServiceApi\UsersServiceApi.csproj", "{11C9E398-85AB-4321-88D5-FD2A1C3702B6}"
EndProject
Project("{9A19103F-16F7-4668-BE54-9A1E7A4F7556}") = "UsersService.Infrastructure.Consumers", "UsersService.Infrastructure.Consumers\UsersService.Infrastructure.Consumers.csproj", "{65629AAC-3C48-42A5-B7EA-6824AB5E4771}"
EndProject
Global
	GlobalSection(SolutionConfigurationPlatforms) = preSolution
		Debug|Any CPU = Debug|Any CPU
		Release|Any CPU = Release|Any CPU
	EndGlobalSection
	GlobalSection(ProjectConfigurationPlatforms) = postSolution
		{A60CA7D9-7F88-4F16-A10D-786117A9271E}.Debug|Any CPU.ActiveCfg = Debug|Any CPU
		{A60CA7D9-7F88-4F16-A10D-786117A9271E}.Debug|Any CPU.Build.0 = Debug|Any CPU
		{A60CA7D9-7F88-4F16-A10D-786117A9271E}.Release|Any CPU.ActiveCfg = Release|Any CPU
		{A60CA7D9-7F88-4F16-A10D-786117A9271E}.Release|Any CPU.Build.0 = Release|Any CPU
		{06E1B357-E93F-4240-A0CD-A090F9D1CB6B}.Debug|Any CPU.ActiveCfg = Debug|Any CPU
		{06E1B357-E93F-4240-A0CD-A090F9D1CB6B}.Debug|Any CPU.Build.0 = Debug|Any CPU
		{06E1B357-E93F-4240-A0CD-A090F9D1CB6B}.Release|Any CPU.ActiveCfg = Release|Any CPU
		{06E1B357-E93F-4240-A0CD-A090F9D1CB6B}.Release|Any CPU.Build.0 = Release|Any CPU
		{9EFECE58-6E93-4D9E-A122-B753E334660B}.Debug|Any CPU.ActiveCfg = Debug|Any CPU
		{9EFECE58-6E93-4D9E-A122-B753E334660B}.Debug|Any CPU.Build.0 = Debug|Any CPU
		{9EFECE58-6E93-4D9E-A122-B753E334660B}.Release|Any CPU.ActiveCfg = Release|Any CPU
		{9EFECE58-6E93-4D9E-A122-B753E334660B}.Release|Any CPU.Build.0 = Release|Any CPU
		{11C9E398-85AB-4321-88D5-FD2A1C3702B6}.Debug|Any CPU.ActiveCfg = Debug|Any CPU
		{11C9E398-85AB-4321-88D5-FD2A1C3702B6}.Debug|Any CPU.Build.0 = Debug|Any CPU
		{11C9E398-85AB-4321-88D5-FD2A1C3702B6}.Release|Any CPU.ActiveCfg = Release|Any CPU
		{11C9E398-85AB-4321-88D5-FD2A1C3702B6}.Release|Any CPU.Build.0 = Release|Any CPU
		{65629AAC-3C48-42A5-B7EA-6824AB5E4771}.Debug|Any CPU.ActiveCfg = Debug|Any CPU
		{65629AAC-3C48-42A5-B7EA-6824AB5E4771}.Debug|Any CPU.Build.0 = Debug|Any CPU
		{65629AAC-3C48-42A5-B7EA-6824AB5E4771}.Release|Any CPU.ActiveCfg = Release|Any CPU
		{65629AAC-3C48-42A5-B7EA-6824AB5E4771}.Release|Any CPU.Build.0 = Release|Any CPU
	EndGlobalSection
	GlobalSection(SolutionProperties) = preSolution
		HideSolutionNode = FALSE
	EndGlobalSection
	GlobalSection(ExtensibilityGlobals) = postSolution
		SolutionGuid = {A689A043-EFE1-457E-BB58-838664C08906}
	EndGlobalSection
EndGlobal
